
Microsoft Visual Studio Solution File, Format Version 12.00
# Visual Studio Version 17
VisualStudioVersion = 17.4.33110.190
MinimumVisualStudioVersion = 10.0.40219.1
Project("{FAE04EC0-301F-11D3-BF4B-00C04F79EFBC}") = "CSPharma2", "CSPharma2\CSPharma2.csproj", "{418B5108-C265-4F14-9709-4D2CDEFC1BFC}"
EndProject
Project("{FAE04EC0-301F-11D3-BF4B-00C04F79EFBC}") = "CSPharma_DAL", "CSPharma_DAL\CSPharma_DAL.csproj", "{B1DEDB98-E2EB-4C7B-8C7B-3D46C7ACA047}"
EndProject
Global
	GlobalSection(SolutionConfigurationPlatforms) = preSolution
		Debug|Any CPU = Debug|Any CPU
		Release|Any CPU = Release|Any CPU
	EndGlobalSection
	GlobalSection(ProjectConfigurationPlatforms) = postSolution
		{418B5108-C265-4F14-9709-4D2CDEFC1BFC}.Debug|Any CPU.ActiveCfg = Debug|Any CPU
		{418B5108-C265-4F14-9709-4D2CDEFC1BFC}.Debug|Any CPU.Build.0 = Debug|Any CPU
		{418B5108-C265-4F14-9709-4D2CDEFC1BFC}.Release|Any CPU.ActiveCfg = Release|Any CPU
		{418B5108-C265-4F14-9709-4D2CDEFC1BFC}.Release|Any CPU.Build.0 = Release|Any CPU
		{B1DEDB98-E2EB-4C7B-8C7B-3D46C7ACA047}.Debug|Any CPU.ActiveCfg = Debug|Any CPU
		{B1DEDB98-E2EB-4C7B-8C7B-3D46C7ACA047}.Debug|Any CPU.Build.0 = Debug|Any CPU
		{B1DEDB98-E2EB-4C7B-8C7B-3D46C7ACA047}.Release|Any CPU.ActiveCfg = Release|Any CPU
		{B1DEDB98-E2EB-4C7B-8C7B-3D46C7ACA047}.Release|Any CPU.Build.0 = Release|Any CPU
	EndGlobalSection
	GlobalSection(SolutionProperties) = preSolution
		HideSolutionNode = FALSE
	EndGlobalSection
	GlobalSection(ExtensibilityGlobals) = postSolution
		SolutionGuid = {FCDD1FA2-65B9-438E-9F3F-62DBD0AAC791}
	EndGlobalSection
EndGlobal
